<?xml version="1.0" encoding="utf-8"?>
<Project ToolsVersion="4.0" xmlns="http://schemas.microsoft.com/developer/msbuild/2003">
  <ItemGroup>
    <Filter Include="Source Files">
      <UniqueIdentifier>{4FC737F1-C7A5-4376-A066-2A32D752A2FF}</UniqueIdentifier>
      <Extensions>cpp;c;cc;cxx;def;odl;idl;hpj;bat;asm;asmx</Extensions>
    </Filter>
    <Filter Include="Header Files">
      <UniqueIdentifier>{93995380-89BD-4b04-88EB-625FBE52EBFB}</UniqueIdentifier>
      <Extensions>h;hpp;hxx;hm;inl;inc;xsd</Extensions>
    </Filter>
  </ItemGroup>
  <ItemGroup>
    <ClCompile Include="palmscan2_main.cpp">
      <Filter>Source Files</Filter>
    </ClCompile>
    <ClCompile Include="myutils.cpp">
      <Filter>Source Files</Filter>
    </ClCompile>
    <ClCompile Include="alloc.cpp">
      <Filter>Source Files</Filter>
    </ClCompile>
    <ClCompile Include="timing.cpp">
      <Filter>Source Files</Filter>
    </ClCompile>
    <ClCompile Include="pssm.cpp">
      <Filter>Source Files</Filter>
    </ClCompile>
    <ClCompile Include="alpha2.cpp">
      <Filter>Source Files</Filter>
    </ClCompile>
    <ClCompile Include="alpha.cpp">
      <Filter>Source Files</Filter>
    </ClCompile>
    <ClCompile Include="sfasta.cpp">
      <Filter>Source Files</Filter>
    </ClCompile>
    <ClCompile Include="seqdb.cpp">
      <Filter>Source Files</Filter>
    </ClCompile>
    <ClCompile Include="test.cpp">
      <Filter>Source Files</Filter>
    </ClCompile>
    <ClCompile Include="sort.cpp">
      <Filter>Source Files</Filter>
    </ClCompile>
    <ClCompile Include="blosum.cpp">
      <Filter>Source Files</Filter>
    </ClCompile>
    <ClCompile Include="buildpsm.cpp">
      <Filter>Source Files</Filter>
    </ClCompile>
    <ClCompile Include="searchaatop.cpp">
      <Filter>Source Files</Filter>
    </ClCompile>
    <ClCompile Include="psms.cpp">
      <Filter>Source Files</Filter>
    </ClCompile>
    <ClCompile Include="diagbox.cpp">
      <Filter>Source Files</Filter>
    </ClCompile>
    <ClCompile Include="mx.cpp">
      <Filter>Source Files</Filter>
    </ClCompile>
    <ClCompile Include="blosum62.cpp">
      <Filter>Source Files</Filter>
    </ClCompile>
    <ClCompile Include="objmgr.cpp">
      <Filter>Source Files</Filter>
    </ClCompile>
    <ClCompile Include="seqinfo.cpp">
      <Filter>Source Files</Filter>
    </ClCompile>
    <ClCompile Include="logaln.cpp">
      <Filter>Source Files</Filter>
    </ClCompile>
    <ClCompile Include="getseg.cpp">
      <Filter>Source Files</Filter>
    </ClCompile>
    <ClCompile Include="fastqrec.cpp">
      <Filter>Source Files</Filter>
    </ClCompile>
    <ClCompile Include="ntmx.cpp">
      <Filter>Source Files</Filter>
    </ClCompile>
    <ClCompile Include="rdrpmodel.cpp">
      <Filter>Source Files</Filter>
    </ClCompile>
    <ClCompile Include="build_rdrp_model.cpp">
      <Filter>Source Files</Filter>
    </ClCompile>
    <ClCompile Include="model_strings.cpp">
      <Filter>Source Files</Filter>
    </ClCompile>
    <ClCompile Include="fastaseqsource.cpp">
      <Filter>Source Files</Filter>
    </ClCompile>
    <ClCompile Include="fileseqsource.cpp">
      <Filter>Source Files</Filter>
    </ClCompile>
    <ClCompile Include="seqsource.cpp">
      <Filter>Source Files</Filter>
    </ClCompile>
    <ClCompile Include="lockobj.cpp">
      <Filter>Source Files</Filter>
    </ClCompile>
    <ClCompile Include="linereader.cpp">
      <Filter>Source Files</Filter>
    </ClCompile>
    <ClCompile Include="search_pssms.cpp">
      <Filter>Source Files</Filter>
    </ClCompile>
    <ClCompile Include="help.cpp">
      <Filter>Source Files</Filter>
    </ClCompile>
    <ClCompile Include="model_strings_rdrp.cpp">
      <Filter>Source Files</Filter>
    </ClCompile>
    <ClCompile Include="align_msas.cpp">
      <Filter>Source Files</Filter>
    </ClCompile>
    <ClCompile Include="rdrpsearcher.cpp">
      <Filter>Source Files</Filter>
    </ClCompile>
    <ClCompile Include="searchgroup.cpp">
      <Filter>Source Files</Filter>
    </ClCompile>
    <ClCompile Include="output.cpp">
      <Filter>Source Files</Filter>
    </ClCompile>
    <ClCompile Include="test_pssms.cpp">
      <Filter>Source Files</Filter>
    </ClCompile>
    <ClCompile Include="cluster_cl.cpp">
      <Filter>Source Files</Filter>
    </ClCompile>
    <ClCompile Include="quarts.cpp">
      <Filter>Source Files</Filter>
    </ClCompile>
    <ClCompile Include="abcxyz.cpp">
      <Filter>Source Files</Filter>
    </ClCompile>
    <ClCompile Include="alignabc.cpp">
      <Filter>Source Files</Filter>
    </ClCompile>
    <ClCompile Include="invertmx.cpp">
      <Filter>Source Files</Filter>
    </ClCompile>
    <ClCompile Include="one2three.cpp">
      <Filter>Source Files</Filter>
    </ClCompile>
    <ClCompile Include="pdbchain.cpp">
      <Filter>Source Files</Filter>
    </ClCompile>
    <ClCompile Include="searchtriangle.cpp">
      <Filter>Source Files</Filter>
    </ClCompile>
    <ClCompile Include="triangle.cpp">
      <Filter>Source Files</Filter>
    </ClCompile>
    <ClCompile Include="triform.cpp">
      <Filter>Source Files</Filter>
    </ClCompile>
    <ClCompile Include="xbasis.cpp">
      <Filter>Source Files</Filter>
    </ClCompile>
    <ClCompile Include="search3d_pssms.cpp">
      <Filter>Source Files</Filter>
    </ClCompile>
    <ClCompile Include="trisearcher.cpp">
      <Filter>Source Files</Filter>
    </ClCompile>
    <ClCompile Include="getss.cpp">
      <Filter>Source Files</Filter>
    </ClCompile>
    <ClCompile Include="search3d.cpp">
      <Filter>Source Files</Filter>
    </ClCompile>
    <ClCompile Include="getfilenames.cpp">
      <Filter>Source Files</Filter>
    </ClCompile>
    <ClCompile Include="viterbifastmem.cpp">
      <Filter>Source Files</Filter>
    </ClCompile>
    <ClCompile Include="tracebackbitmem.cpp">
      <Filter>Source Files</Filter>
    </ClCompile>
    <ClCompile Include="alignpalm.cpp">
      <Filter>Source Files</Filter>
    </ClCompile>
    <ClCompile Include="tmscore.cpp">
      <Filter>Source Files</Filter>
    </ClCompile>
    <ClCompile Include="readchains.cpp">
      <Filter>Source Files</Filter>
    </ClCompile>
    <ClCompile Include="tsoutput.cpp">
      <Filter>Source Files</Filter>
    </ClCompile>
    <ClCompile Include="tshitmgr.cpp">
      <Filter>Source Files</Filter>
    </ClCompile>
    <ClCompile Include="tshit.cpp">
      <Filter>Source Files</Filter>
    </ClCompile>
    <ClCompile Include="calreader.cpp">
      <Filter>Source Files</Filter>
    </ClCompile>
    <ClCompile Include="pdbchaincal.cpp">
      <Filter>Source Files</Filter>
    </ClCompile>
    <ClCompile Include="search3d_cal.cpp">
      <Filter>Source Files</Filter>
    </ClCompile>
    <ClCompile Include="palmsketch.cpp">
      <Filter>Source Files</Filter>
    </ClCompile>
    <ClCompile Include="search3d_ppc.cpp">
      <Filter>Source Files</Filter>
    </ClCompile>
    <ClCompile Include="outputfiles.cpp">
      <Filter>Source Files</Filter>
    </ClCompile>
    <ClCompile Include="ppcaligner.cpp">
      <Filter>Source Files</Filter>
    </ClCompile>
    <ClCompile Include="searchparams.cpp">
      <Filter>Source Files</Filter>
    </ClCompile>
    <ClCompile Include="pdb2cal.cpp">
      <Filter>Source Files</Filter>
    </ClCompile>
    <ClCompile Include="remove_dupes.cpp">
      <Filter>Source Files</Filter>
    </ClCompile>
    <ClCompile Include="cal2fa.cpp">
      <Filter>Source Files</Filter>
    </ClCompile>
    <ClCompile Include="getchains.cpp">
      <Filter>Source Files</Filter>
    </ClCompile>
    <ClCompile Include="cluster_ppc.cpp">
      <Filter>Source Files</Filter>
    </ClCompile>
    <ClCompile Include="readppc.cpp">
      <Filter>Source Files</Filter>
    </ClCompile>
    <ClCompile Include="classify.cpp">
      <Filter>Source Files</Filter>
    </ClCompile>
    <ClCompile Include="split_train_test.cpp">
      <Filter>Source Files</Filter>
    </ClCompile>
    <ClCompile Include="validate.cpp">
      <Filter>Source Files</Filter>
    </ClCompile>
    <ClCompile Include="triangles.cpp">
      <Filter>Source Files</Filter>
    </ClCompile>
    <ClCompile Include="checkppc.cpp">
      <Filter>Source Files</Filter>
    </ClCompile>
  </ItemGroup>
  <ItemGroup>
    <ClInclude Include="myutils.h">
      <Filter>Header Files</Filter>
    </ClInclude>
    <ClInclude Include="sort.h">
      <Filter>Header Files</Filter>
    </ClInclude>
    <ClInclude Include="myopts.h">
      <Filter>Header Files</Filter>
    </ClInclude>
    <ClInclude Include="omplock.h">
      <Filter>Header Files</Filter>
    </ClInclude>
    <ClInclude Include="timing.h">
      <Filter>Header Files</Filter>
    </ClInclude>
    <ClInclude Include="timers.h">
      <Filter>Header Files</Filter>
    </ClInclude>
    <ClInclude Include="allocids.h">
      <Filter>Header Files</Filter>
    </ClInclude>
    <ClInclude Include="allocid.h">
      <Filter>Header Files</Filter>
    </ClInclude>
    <ClInclude Include="allocs.h">
      <Filter>Header Files</Filter>
    </ClInclude>
    <ClInclude Include="pssm.h">
      <Filter>Header Files</Filter>
    </ClInclude>
    <ClInclude Include="alpha.h">
      <Filter>Header Files</Filter>
    </ClInclude>
    <ClInclude Include="sfasta.h">
      <Filter>Header Files</Filter>
    </ClInclude>
    <ClInclude Include="seqdb.h">
      <Filter>Header Files</Filter>
    </ClInclude>
    <ClInclude Include="pssmsearch.h">
      <Filter>Header Files</Filter>
    </ClInclude>
    <ClInclude Include="xlat.h">
      <Filter>Header Files</Filter>
    </ClInclude>
    <ClInclude Include="alnparams.h">
      <Filter>Header Files</Filter>
    </ClInclude>
    <ClInclude Include="diagbox.h">
      <Filter>Header Files</Filter>
    </ClInclude>
    <ClInclude Include="pathinfo.h">
      <Filter>Header Files</Filter>
    </ClInclude>
    <ClInclude Include="tracebit.h">
      <Filter>Header Files</Filter>
    </ClInclude>
    <ClInclude Include="xdpmem.h">
      <Filter>Header Files</Filter>
    </ClInclude>
    <ClInclude Include="viterbi.h">
      <Filter>Header Files</Filter>
    </ClInclude>
    <ClInclude Include="alnheuristics.h">
      <Filter>Header Files</Filter>
    </ClInclude>
    <ClInclude Include="usearch.h">
      <Filter>Header Files</Filter>
    </ClInclude>
    <ClInclude Include="conncomp.h">
      <Filter>Header Files</Filter>
    </ClInclude>
    <ClInclude Include="sfastq.h">
      <Filter>Header Files</Filter>
    </ClInclude>
    <ClInclude Include="fastqrec.h">
      <Filter>Header Files</Filter>
    </ClInclude>
    <ClInclude Include="pssms.h">
      <Filter>Header Files</Filter>
    </ClInclude>
    <ClInclude Include="rdrpmodel.h">
      <Filter>Header Files</Filter>
    </ClInclude>
    <ClInclude Include="rphit.h">
      <Filter>Header Files</Filter>
    </ClInclude>
    <ClInclude Include="heuristics.h">
      <Filter>Header Files</Filter>
    </ClInclude>
    <ClInclude Include="fastaseqsource.h">
      <Filter>Header Files</Filter>
    </ClInclude>
    <ClInclude Include="fileseqsource.h">
      <Filter>Header Files</Filter>
    </ClInclude>
    <ClInclude Include="seqsource.h">
      <Filter>Header Files</Filter>
    </ClInclude>
    <ClInclude Include="lockobj.h">
      <Filter>Header Files</Filter>
    </ClInclude>
    <ClInclude Include="lockobjs.h">
      <Filter>Header Files</Filter>
    </ClInclude>
    <ClInclude Include="linereader.h">
      <Filter>Header Files</Filter>
    </ClInclude>
    <ClInclude Include="gobuff.h">
      <Filter>Header Files</Filter>
    </ClInclude>
    <ClInclude Include="randomseqsource.h">
      <Filter>Header Files</Filter>
    </ClInclude>
    <ClInclude Include="msaqc.h">
      <Filter>Header Files</Filter>
    </ClInclude>
    <ClInclude Include="msaqc2.h">
      <Filter>Header Files</Filter>
    </ClInclude>
    <ClInclude Include="rdrpsearcher.h">
      <Filter>Header Files</Filter>
    </ClInclude>
    <ClInclude Include="palmhit.h">
      <Filter>Header Files</Filter>
    </ClInclude>
    <ClInclude Include="quarts.h">
      <Filter>Header Files</Filter>
    </ClInclude>
    <ClInclude Include="abcxyz.h">
      <Filter>Header Files</Filter>
    </ClInclude>
    <ClInclude Include="pdbchain.h">
      <Filter>Header Files</Filter>
    </ClInclude>
    <ClInclude Include="trisearcher.h">
      <Filter>Header Files</Filter>
    </ClInclude>
    <ClInclude Include="tshitmgr.h">
      <Filter>Header Files</Filter>
    </ClInclude>
    <ClInclude Include="tshit.h">
      <Filter>Header Files</Filter>
    </ClInclude>
    <ClInclude Include="calreader.h">
      <Filter>Header Files</Filter>
    </ClInclude>
    <ClInclude Include="ppcaligner.h">
      <Filter>Header Files</Filter>
    </ClInclude>
    <ClInclude Include="ppchitmgr.h">
      <Filter>Header Files</Filter>
    </ClInclude>
    <ClInclude Include="outputfiles.h">
      <Filter>Header Files</Filter>
    </ClInclude>
    <ClInclude Include="ofiles.h">
      <Filter>Header Files</Filter>
    </ClInclude>
    <ClInclude Include="searchparams.h">
      <Filter>Header Files</Filter>
    </ClInclude>
    <ClInclude Include="cmds.h">
      <Filter>Header Files</Filter>
    </ClInclude>
  </ItemGroup>
</Project>